
Microsoft Visual Studio Solution File, Format Version 12.00
# Visual Studio 15
VisualStudioVersion = 15.0.28306.52
MinimumVisualStudioVersion = 10.0.40219.1
Project("{9092AA53-FB77-4645-B42D-1CCCA6BD08BD}") = "sangsue", "sangsue.njsproj", "{9B17A171-2CCD-470D-B8C3-A2B0974996F1}"
EndProject
Global
	GlobalSection(SolutionConfigurationPlatforms) = preSolution
		Debug|Any CPU = Debug|Any CPU
		Release|Any CPU = Release|Any CPU
	EndGlobalSection
	GlobalSection(ProjectConfigurationPlatforms) = postSolution
		{9B17A171-2CCD-470D-B8C3-A2B0974996F1}.Debug|Any CPU.ActiveCfg = Debug|Any CPU
		{9B17A171-2CCD-470D-B8C3-A2B0974996F1}.Debug|Any CPU.Build.0 = Debug|Any CPU
		{9B17A171-2CCD-470D-B8C3-A2B0974996F1}.Release|Any CPU.ActiveCfg = Release|Any CPU
		{9B17A171-2CCD-470D-B8C3-A2B0974996F1}.Release|Any CPU.Build.0 = Release|Any CPU
	EndGlobalSection
	GlobalSection(SolutionProperties) = preSolution
		HideSolutionNode = FALSE
	EndGlobalSection
	GlobalSection(ExtensibilityGlobals) = postSolution
		SolutionGuid = {D80B84C7-03D6-428B-AAAD-1CA6069FC7F4}
	EndGlobalSection
EndGlobal
